
Microsoft Visual Studio Solution File, Format Version 12.00
# Visual Studio Version 16
VisualStudioVersion = 16.0.30804.86
MinimumVisualStudioVersion = 10.0.40219.1
Project("{FAE04EC0-301F-11D3-BF4B-00C04F79EFBC}") = "OData.API", "OData.API\OData.API.csproj", "{3E05AED6-1B48-4BCF-B0E1-36071AF9770E}"
EndProject
Global
	GlobalSection(SolutionConfigurationPlatforms) = preSolution
		Debug|Any CPU = Debug|Any CPU
		Release|Any CPU = Release|Any CPU
	EndGlobalSection
	GlobalSection(ProjectConfigurationPlatforms) = postSolution
		{3E05AED6-1B48-4BCF-B0E1-36071AF9770E}.Debug|Any CPU.ActiveCfg = Debug|Any CPU
		{3E05AED6-1B48-4BCF-B0E1-36071AF9770E}.Debug|Any CPU.Build.0 = Debug|Any CPU
		{3E05AED6-1B48-4BCF-B0E1-36071AF9770E}.Release|Any CPU.ActiveCfg = Release|Any CPU
		{3E05AED6-1B48-4BCF-B0E1-36071AF9770E}.Release|Any CPU.Build.0 = Release|Any CPU
	EndGlobalSection
	GlobalSection(SolutionProperties) = preSolution
		HideSolutionNode = FALSE
	EndGlobalSection
	GlobalSection(ExtensibilityGlobals) = postSolution
		SolutionGuid = {6CD75D5F-3CEC-4C1D-92B9-89426B15C214}
	EndGlobalSection
EndGlobal
